
Microsoft Visual Studio Solution File, Format Version 12.00
# Visual Studio 14
VisualStudioVersion = 14.0.24720.0
MinimumVisualStudioVersion = 10.0.40219.1
Project("{FAE04EC0-301F-11D3-BF4B-00C04F79EFBC}") = "BookStore", "BookStore\BookStore.csproj", "{6E2EBB07-39B7-4101-8AC8-EE9F2F04772E}"
EndProject
Project("{FAE04EC0-301F-11D3-BF4B-00C04F79EFBC}") = "BookStore.ViewModels", "BookStoreViewModel\BookStore.ViewModels.csproj", "{27BDA3A9-B897-4D9C-96D2-5A8B6A40440F}"
EndProject
Project("{FAE04EC0-301F-11D3-BF4B-00C04F79EFBC}") = "BookStore.Models", "BookStore.Models\BookStore.Models.csproj", "{70BC59BC-5C2A-4F32-B242-0B3F9DB0C761}"
EndProject
Project("{FAE04EC0-301F-11D3-BF4B-00C04F79EFBC}") = "BookStore.DataAccess", "BookStore.DataAccess\BookStore.DataAccess.csproj", "{949B6C1F-D6D6-404D-9573-CB70E7FE1C64}"
EndProject
Global
	GlobalSection(SolutionConfigurationPlatforms) = preSolution
		Debug|Any CPU = Debug|Any CPU
		Release|Any CPU = Release|Any CPU
	EndGlobalSection
	GlobalSection(ProjectConfigurationPlatforms) = postSolution
		{6E2EBB07-39B7-4101-8AC8-EE9F2F04772E}.Debug|Any CPU.ActiveCfg = Debug|Any CPU
		{6E2EBB07-39B7-4101-8AC8-EE9F2F04772E}.Debug|Any CPU.Build.0 = Debug|Any CPU
		{6E2EBB07-39B7-4101-8AC8-EE9F2F04772E}.Release|Any CPU.ActiveCfg = Release|Any CPU
		{6E2EBB07-39B7-4101-8AC8-EE9F2F04772E}.Release|Any CPU.Build.0 = Release|Any CPU
		{27BDA3A9-B897-4D9C-96D2-5A8B6A40440F}.Debug|Any CPU.ActiveCfg = Debug|Any CPU
		{27BDA3A9-B897-4D9C-96D2-5A8B6A40440F}.Debug|Any CPU.Build.0 = Debug|Any CPU
		{27BDA3A9-B897-4D9C-96D2-5A8B6A40440F}.Release|Any CPU.ActiveCfg = Release|Any CPU
		{27BDA3A9-B897-4D9C-96D2-5A8B6A40440F}.Release|Any CPU.Build.0 = Release|Any CPU
		{70BC59BC-5C2A-4F32-B242-0B3F9DB0C761}.Debug|Any CPU.ActiveCfg = Debug|Any CPU
		{70BC59BC-5C2A-4F32-B242-0B3F9DB0C761}.Debug|Any CPU.Build.0 = Debug|Any CPU
		{70BC59BC-5C2A-4F32-B242-0B3F9DB0C761}.Release|Any CPU.ActiveCfg = Release|Any CPU
		{70BC59BC-5C2A-4F32-B242-0B3F9DB0C761}.Release|Any CPU.Build.0 = Release|Any CPU
		{949B6C1F-D6D6-404D-9573-CB70E7FE1C64}.Debug|Any CPU.ActiveCfg = Debug|Any CPU
		{949B6C1F-D6D6-404D-9573-CB70E7FE1C64}.Debug|Any CPU.Build.0 = Debug|Any CPU
		{949B6C1F-D6D6-404D-9573-CB70E7FE1C64}.Release|Any CPU.ActiveCfg = Release|Any CPU
		{949B6C1F-D6D6-404D-9573-CB70E7FE1C64}.Release|Any CPU.Build.0 = Release|Any CPU
	EndGlobalSection
	GlobalSection(SolutionProperties) = preSolution
		HideSolutionNode = FALSE
	EndGlobalSection
EndGlobal
